
Microsoft Visual Studio Solution File, Format Version 12.00
# Visual Studio 15
VisualStudioVersion = 15.0.28307.168
MinimumVisualStudioVersion = 10.0.40219.1
Project("{FAE04EC0-301F-11D3-BF4B-00C04F79EFBC}") = "ProjetDevMobile", "ProjetDevMobile\ProjetDevMobile\ProjetDevMobile.csproj", "{BDEDA825-4C81-4DDD-8EDE-B41AA7D8A2EE}"
EndProject
Project("{FAE04EC0-301F-11D3-BF4B-00C04F79EFBC}") = "ProjetDevMobile.Android", "ProjetDevMobile\ProjetDevMobile.Android\ProjetDevMobile.Android.csproj", "{5BCA6359-3575-4135-8F4D-567B40583E34}"
EndProject
Global
	GlobalSection(SolutionConfigurationPlatforms) = preSolution
		Debug|Any CPU = Debug|Any CPU
		Release|Any CPU = Release|Any CPU
	EndGlobalSection
	GlobalSection(ProjectConfigurationPlatforms) = postSolution
		{BDEDA825-4C81-4DDD-8EDE-B41AA7D8A2EE}.Debug|Any CPU.ActiveCfg = Debug|Any CPU
		{BDEDA825-4C81-4DDD-8EDE-B41AA7D8A2EE}.Debug|Any CPU.Build.0 = Debug|Any CPU
		{BDEDA825-4C81-4DDD-8EDE-B41AA7D8A2EE}.Release|Any CPU.ActiveCfg = Release|Any CPU
		{BDEDA825-4C81-4DDD-8EDE-B41AA7D8A2EE}.Release|Any CPU.Build.0 = Release|Any CPU
		{5BCA6359-3575-4135-8F4D-567B40583E34}.Debug|Any CPU.ActiveCfg = Debug|Any CPU
		{5BCA6359-3575-4135-8F4D-567B40583E34}.Debug|Any CPU.Build.0 = Debug|Any CPU
		{5BCA6359-3575-4135-8F4D-567B40583E34}.Debug|Any CPU.Deploy.0 = Debug|Any CPU
		{5BCA6359-3575-4135-8F4D-567B40583E34}.Release|Any CPU.ActiveCfg = Release|Any CPU
		{5BCA6359-3575-4135-8F4D-567B40583E34}.Release|Any CPU.Build.0 = Release|Any CPU
		{5BCA6359-3575-4135-8F4D-567B40583E34}.Release|Any CPU.Deploy.0 = Release|Any CPU
	EndGlobalSection
	GlobalSection(SolutionProperties) = preSolution
		HideSolutionNode = FALSE
	EndGlobalSection
	GlobalSection(ExtensibilityGlobals) = postSolution
		SolutionGuid = {3A81B516-EF84-4A64-A012-DC36E0C3A11B}
	EndGlobalSection
EndGlobal
